
Microsoft Visual Studio Solution File, Format Version 12.00
# Visual Studio 2013
VisualStudioVersion = 12.0.31101.0
MinimumVisualStudioVersion = 10.0.40219.1
Project("{FAE04EC0-301F-11D3-BF4B-00C04F79EFBC}") = "Goldenacre.Core", "Goldenacre.Core\Goldenacre.Core.csproj", "{4F871F65-750D-46A7-9F4A-7F0D160C5B05}"
EndProject
Project("{FAE04EC0-301F-11D3-BF4B-00C04F79EFBC}") = "Goldenacre.Web", "Goldenacre.Web\Goldenacre.Web.csproj", "{A4B853DE-6590-418F-A20C-BEAA22B7DEDB}"
EndProject
Project("{FAE04EC0-301F-11D3-BF4B-00C04F79EFBC}") = "Goldenacre.Test", "Goldenacre.Test\Goldenacre.Test.csproj", "{9B1C2FB3-DB31-48BA-88AC-AB57335E6F15}"
EndProject
Project("{2150E333-8FDC-42A3-9474-1A3956D46DE8}") = ".nuget", ".nuget", "{783F7C61-BD72-47B8-B242-A6DEAA918EAD}"
	ProjectSection(SolutionItems) = preProject
		.nuget\NuGet.Config = .nuget\NuGet.Config
		.nuget\NuGet.exe = .nuget\NuGet.exe
		.nuget\NuGet.targets = .nuget\NuGet.targets
	EndProjectSection
EndProject
Project("{2150E333-8FDC-42A3-9474-1A3956D46DE8}") = "Solution Items", "Solution Items", "{C7FA4AC2-2795-4F26-8525-EAF7184039D9}"
	ProjectSection(SolutionItems) = preProject
		.gitignore = .gitignore
		Goldenacre.Core.nuspec = Goldenacre.Core.nuspec
		Goldenacre.Web.nuspec = Goldenacre.Web.nuspec
		Goldenacre.Winforms.nuspec = Goldenacre.Winforms.nuspec
		LICENSE = LICENSE
		README.md = README.md
	EndProjectSection
EndProject
Project("{FAE04EC0-301F-11D3-BF4B-00C04F79EFBC}") = "Goldenacre.Winforms", "Goldenacre.Winforms\Goldenacre.Winforms.csproj", "{DF7514EE-98F2-4A3A-AD00-7C4C383C3246}"
EndProject
Project("{2150E333-8FDC-42A3-9474-1A3956D46DE8}") = "Testing", "Testing", "{FF8B3A66-4EF2-4BF2-9315-08432F609B48}"
EndProject
Global
	GlobalSection(SolutionConfigurationPlatforms) = preSolution
		Debug|Any CPU = Debug|Any CPU
		Release|Any CPU = Release|Any CPU
	EndGlobalSection
	GlobalSection(ProjectConfigurationPlatforms) = postSolution
		{4F871F65-750D-46A7-9F4A-7F0D160C5B05}.Debug|Any CPU.ActiveCfg = Debug|Any CPU
		{4F871F65-750D-46A7-9F4A-7F0D160C5B05}.Debug|Any CPU.Build.0 = Debug|Any CPU
		{4F871F65-750D-46A7-9F4A-7F0D160C5B05}.Release|Any CPU.ActiveCfg = Release|Any CPU
		{4F871F65-750D-46A7-9F4A-7F0D160C5B05}.Release|Any CPU.Build.0 = Release|Any CPU
		{A4B853DE-6590-418F-A20C-BEAA22B7DEDB}.Debug|Any CPU.ActiveCfg = Debug|Any CPU
		{A4B853DE-6590-418F-A20C-BEAA22B7DEDB}.Debug|Any CPU.Build.0 = Debug|Any CPU
		{A4B853DE-6590-418F-A20C-BEAA22B7DEDB}.Release|Any CPU.ActiveCfg = Release|Any CPU
		{A4B853DE-6590-418F-A20C-BEAA22B7DEDB}.Release|Any CPU.Build.0 = Release|Any CPU
		{9B1C2FB3-DB31-48BA-88AC-AB57335E6F15}.Debug|Any CPU.ActiveCfg = Debug|Any CPU
		{9B1C2FB3-DB31-48BA-88AC-AB57335E6F15}.Debug|Any CPU.Build.0 = Debug|Any CPU
		{9B1C2FB3-DB31-48BA-88AC-AB57335E6F15}.Release|Any CPU.ActiveCfg = Release|Any CPU
		{9B1C2FB3-DB31-48BA-88AC-AB57335E6F15}.Release|Any CPU.Build.0 = Release|Any CPU
		{DF7514EE-98F2-4A3A-AD00-7C4C383C3246}.Debug|Any CPU.ActiveCfg = Debug|Any CPU
		{DF7514EE-98F2-4A3A-AD00-7C4C383C3246}.Debug|Any CPU.Build.0 = Debug|Any CPU
		{DF7514EE-98F2-4A3A-AD00-7C4C383C3246}.Release|Any CPU.ActiveCfg = Release|Any CPU
		{DF7514EE-98F2-4A3A-AD00-7C4C383C3246}.Release|Any CPU.Build.0 = Release|Any CPU
	EndGlobalSection
	GlobalSection(SolutionProperties) = preSolution
		HideSolutionNode = FALSE
	EndGlobalSection
	GlobalSection(NestedProjects) = preSolution
		{9B1C2FB3-DB31-48BA-88AC-AB57335E6F15} = {FF8B3A66-4EF2-4BF2-9315-08432F609B48}
	EndGlobalSection
EndGlobal
